
Microsoft Visual Studio Solution File, Format Version 12.00
# Visual Studio Version 17
VisualStudioVersion = 17.7.34031.279
MinimumVisualStudioVersion = 10.0.40219.1
Project("{FAE04EC0-301F-11D3-BF4B-00C04F79EFBC}") = "EFandSQLmyTask", "EFandSQLmyTask\EFandSQLmyTask.csproj", "{58B3CB9C-54E5-43C3-BE5A-3E06CB832DC0}"
EndProject
Global
	GlobalSection(SolutionConfigurationPlatforms) = preSolution
		Debug|Any CPU = Debug|Any CPU
		Release|Any CPU = Release|Any CPU
	EndGlobalSection
	GlobalSection(ProjectConfigurationPlatforms) = postSolution
		{58B3CB9C-54E5-43C3-BE5A-3E06CB832DC0}.Debug|Any CPU.ActiveCfg = Debug|Any CPU
		{58B3CB9C-54E5-43C3-BE5A-3E06CB832DC0}.Debug|Any CPU.Build.0 = Debug|Any CPU
		{58B3CB9C-54E5-43C3-BE5A-3E06CB832DC0}.Release|Any CPU.ActiveCfg = Release|Any CPU
		{58B3CB9C-54E5-43C3-BE5A-3E06CB832DC0}.Release|Any CPU.Build.0 = Release|Any CPU
	EndGlobalSection
	GlobalSection(SolutionProperties) = preSolution
		HideSolutionNode = FALSE
	EndGlobalSection
	GlobalSection(ExtensibilityGlobals) = postSolution
		SolutionGuid = {367EA6AB-EF1C-42A5-9080-22AE161446FB}
	EndGlobalSection
EndGlobal
